{
  "name": "Sigilo",
  "lockfileVersion": 3,
  "requires": true,
  "packages": {
    "": {
      "dependencies": {
        "ggwave": "^0.4.0"
      }
    },
    "node_modules/ggwave": {
      "version": "0.4.0",
      "resolved": "https://registry.npmjs.org/ggwave/-/ggwave-0.4.0.tgz",
      "integrity": "sha512-+sKq0aIEVJ7zHj4Vw+Sj/RPa91xp76ihaG5gsOKZ8ojM5+uUu3NFzAspozwBx/zeaThxP5VeIkA2bbsfWpUd2g==",
      "license": "MIT"
    }
  }
}
